# This file is autogenerated, do not edit; changes may be undone by the next 'dep ensure'.


[[projects]]
  branch = "master"
  name = "github.com/edermanoel94/rest-go"
  packages = ["."]
  revision = "9270cfb0bd44740fe6fc65f41093abc9f60c02ff"

[[projects]]
  name = "github.com/gorilla/mux"
  packages = ["."]
  revision = "00bdffe0f3c77e27d2cf6f5c70232a2d3e4d9c15"
  version = "v1.7.3"

[[projects]]
  branch = "master"
  name = "github.com/jcelliott/lumber"
  packages = ["."]
  revision = "dd349441af25132d146d7095c6693a15431fc9b1"

[[projects]]
  branch = "master"
  name = "github.com/nanobox-io/golang-scribble"
  packages = ["."]
  revision = "aa3e7c118975babb5ab3bc2a221b9d5a420b625b"

[[projects]]
  name = "github.com/rs/cors"
  packages = ["."]
  revision = "db0fe48135e83b5812a5a31be0eea66984b1b521"
  version = "v1.7.0"

[[projects]]
  name = "github.com/teris-io/shortid"
  packages = ["."]
  revision = "6c56cef5189ca1b3d5ef01dc07f4d611dfc0bb33"
  version = "v1.0"

[solve-meta]
  analyzer-name = "dep"
  analyzer-version = 1
  inputs-digest = "8d7c2efc497ce65cbd240064204f69e02af8139fbcd94c686bf6a37143df090e"
  solver-name = "gps-cdcl"
  solver-version = 1
